
Microsoft Visual Studio Solution File, Format Version 12.00
Project("{FAE04EC0-301F-11D3-BF4B-00C04F79EFBC}") = "WebCalculator", "WebCalculator\WebCalculator.csproj", "{2D3C4867-298B-4CAC-93BF-3AF33A669C32}"
EndProject
Global
	GlobalSection(SolutionConfigurationPlatforms) = preSolution
		Debug|Any CPU = Debug|Any CPU
		Release|Any CPU = Release|Any CPU
	EndGlobalSection
	GlobalSection(ProjectConfigurationPlatforms) = postSolution
		{2D3C4867-298B-4CAC-93BF-3AF33A669C32}.Debug|Any CPU.ActiveCfg = Debug|Any CPU
		{2D3C4867-298B-4CAC-93BF-3AF33A669C32}.Debug|Any CPU.Build.0 = Debug|Any CPU
		{2D3C4867-298B-4CAC-93BF-3AF33A669C32}.Release|Any CPU.ActiveCfg = Release|Any CPU
		{2D3C4867-298B-4CAC-93BF-3AF33A669C32}.Release|Any CPU.Build.0 = Release|Any CPU
	EndGlobalSection
EndGlobal
