
Microsoft Visual Studio Solution File, Format Version 12.00
Project("{F2A71F9B-5D33-465A-A702-920D77279786}") = "FSharpRequest", "FSharpRequest\FSharpRequest.fsproj", "{0A7F0453-4335-40A0-857E-CD947D07DB2F}"
EndProject
Global
	GlobalSection(SolutionConfigurationPlatforms) = preSolution
		Debug|Any CPU = Debug|Any CPU
		Release|Any CPU = Release|Any CPU
	EndGlobalSection
	GlobalSection(ProjectConfigurationPlatforms) = postSolution
		{0A7F0453-4335-40A0-857E-CD947D07DB2F}.Debug|Any CPU.ActiveCfg = Debug|Any CPU
		{0A7F0453-4335-40A0-857E-CD947D07DB2F}.Debug|Any CPU.Build.0 = Debug|Any CPU
		{0A7F0453-4335-40A0-857E-CD947D07DB2F}.Release|Any CPU.ActiveCfg = Release|Any CPU
		{0A7F0453-4335-40A0-857E-CD947D07DB2F}.Release|Any CPU.Build.0 = Release|Any CPU
	EndGlobalSection
EndGlobal
