
Microsoft Visual Studio Solution File, Format Version 12.00
Project("{FAE04EC0-301F-11D3-BF4B-00C04F79EFBC}") = "ConsoleApplication1", "ConsoleApplication1\ConsoleApplication1.csproj", "{D7B34439-917B-4607-AA92-86A5594C1A71}"
EndProject
Project("{FAE04EC0-301F-11D3-BF4B-00C04F79EFBC}") = "TestProject1", "TestProject1\TestProject1.csproj", "{BEC590E1-C045-44B8-9DA7-95E2B773CD54}"
EndProject
Global
	GlobalSection(SolutionConfigurationPlatforms) = preSolution
		Debug|Any CPU = Debug|Any CPU
		Release|Any CPU = Release|Any CPU
	EndGlobalSection
	GlobalSection(ProjectConfigurationPlatforms) = postSolution
		{D7B34439-917B-4607-AA92-86A5594C1A71}.Debug|Any CPU.ActiveCfg = Debug|Any CPU
		{D7B34439-917B-4607-AA92-86A5594C1A71}.Debug|Any CPU.Build.0 = Debug|Any CPU
		{D7B34439-917B-4607-AA92-86A5594C1A71}.Release|Any CPU.ActiveCfg = Release|Any CPU
		{D7B34439-917B-4607-AA92-86A5594C1A71}.Release|Any CPU.Build.0 = Release|Any CPU
		{BEC590E1-C045-44B8-9DA7-95E2B773CD54}.Debug|Any CPU.ActiveCfg = Debug|Any CPU
		{BEC590E1-C045-44B8-9DA7-95E2B773CD54}.Debug|Any CPU.Build.0 = Debug|Any CPU
		{BEC590E1-C045-44B8-9DA7-95E2B773CD54}.Release|Any CPU.ActiveCfg = Release|Any CPU
		{BEC590E1-C045-44B8-9DA7-95E2B773CD54}.Release|Any CPU.Build.0 = Release|Any CPU
	EndGlobalSection
EndGlobal
