
Microsoft Visual Studio Solution File, Format Version 12.00
Project("{F2A71F9B-5D33-465A-A702-920D77279786}") = "FSharp_Calculator", "FSharp_Calculator\FSharp_Calculator.fsproj", "{C0B6C0CD-36E9-45EA-AA7B-B5B9DFEB762B}"
EndProject
Global
	GlobalSection(SolutionConfigurationPlatforms) = preSolution
		Debug|Any CPU = Debug|Any CPU
		Release|Any CPU = Release|Any CPU
	EndGlobalSection
	GlobalSection(ProjectConfigurationPlatforms) = postSolution
		{C0B6C0CD-36E9-45EA-AA7B-B5B9DFEB762B}.Debug|Any CPU.ActiveCfg = Debug|Any CPU
		{C0B6C0CD-36E9-45EA-AA7B-B5B9DFEB762B}.Debug|Any CPU.Build.0 = Debug|Any CPU
		{C0B6C0CD-36E9-45EA-AA7B-B5B9DFEB762B}.Release|Any CPU.ActiveCfg = Release|Any CPU
		{C0B6C0CD-36E9-45EA-AA7B-B5B9DFEB762B}.Release|Any CPU.Build.0 = Release|Any CPU
	EndGlobalSection
EndGlobal
