
Microsoft Visual Studio Solution File, Format Version 12.00
# Visual Studio Version 16
VisualStudioVersion = 16.0.30309.148
MinimumVisualStudioVersion = 10.0.40219.1
Project("{FAE04EC0-301F-11D3-BF4B-00C04F79EFBC}") = "CD_NET_HW1", "CD_NET_HW1\CD_NET_HW1.csproj", "{5EA016EB-612A-41DC-9724-0DE8A6C01A8C}"
EndProject
Project("{FAE04EC0-301F-11D3-BF4B-00C04F79EFBC}") = "UnitTestProject1", "UnitTestProject1\UnitTestProject1.csproj", "{09DFC1D4-2892-4CC4-B58A-1D9E793A0559}"
EndProject
Global
	GlobalSection(SolutionConfigurationPlatforms) = preSolution
		Debug|Any CPU = Debug|Any CPU
		Release|Any CPU = Release|Any CPU
	EndGlobalSection
	GlobalSection(ProjectConfigurationPlatforms) = postSolution
		{5EA016EB-612A-41DC-9724-0DE8A6C01A8C}.Debug|Any CPU.ActiveCfg = Debug|Any CPU
		{5EA016EB-612A-41DC-9724-0DE8A6C01A8C}.Debug|Any CPU.Build.0 = Debug|Any CPU
		{5EA016EB-612A-41DC-9724-0DE8A6C01A8C}.Release|Any CPU.ActiveCfg = Release|Any CPU
		{5EA016EB-612A-41DC-9724-0DE8A6C01A8C}.Release|Any CPU.Build.0 = Release|Any CPU
		{09DFC1D4-2892-4CC4-B58A-1D9E793A0559}.Debug|Any CPU.ActiveCfg = Debug|Any CPU
		{09DFC1D4-2892-4CC4-B58A-1D9E793A0559}.Debug|Any CPU.Build.0 = Debug|Any CPU
		{09DFC1D4-2892-4CC4-B58A-1D9E793A0559}.Release|Any CPU.ActiveCfg = Release|Any CPU
		{09DFC1D4-2892-4CC4-B58A-1D9E793A0559}.Release|Any CPU.Build.0 = Release|Any CPU
	EndGlobalSection
	GlobalSection(SolutionProperties) = preSolution
		HideSolutionNode = FALSE
	EndGlobalSection
	GlobalSection(ExtensibilityGlobals) = postSolution
		SolutionGuid = {81DD3D3B-F6DF-4E23-B1AA-525B4AEA8CC2}
	EndGlobalSection
EndGlobal
